
Microsoft Visual Studio Solution File, Format Version 12.00
# Visual Studio Version 17
VisualStudioVersion = 17.5.33502.453
MinimumVisualStudioVersion = 10.0.40219.1
Project("{9A19103F-16F7-4668-BE54-9A1E7A4F7556}") = "OpenAI_WPF_Client", "OpenAI_WPF_Client.csproj", "{8802FD32-9491-427B-BD6B-98704E2A4F13}"
EndProject
Project("{9A19103F-16F7-4668-BE54-9A1E7A4F7556}") = "OpenAI_WinForms_Client", "..\OpenAI_WinForms_Client\OpenAI_WinForms_Client.csproj", "{CAF2F8BD-D58E-4C1F-B3DA-CD0CF922EB5C}"
EndProject
Project("{9A19103F-16F7-4668-BE54-9A1E7A4F7556}") = "OpenAI_Console_Client", "..\OpenAI_ConsoleClient\OpenAI_Console_Client.csproj", "{90F9C155-C399-45A0-8851-BCF24CB7CFC3}"
EndProject
Global
	GlobalSection(SolutionConfigurationPlatforms) = preSolution
		Debug|Any CPU = Debug|Any CPU
		Release|Any CPU = Release|Any CPU
	EndGlobalSection
	GlobalSection(ProjectConfigurationPlatforms) = postSolution
		{8802FD32-9491-427B-BD6B-98704E2A4F13}.Debug|Any CPU.ActiveCfg = Debug|Any CPU
		{8802FD32-9491-427B-BD6B-98704E2A4F13}.Debug|Any CPU.Build.0 = Debug|Any CPU
		{8802FD32-9491-427B-BD6B-98704E2A4F13}.Release|Any CPU.ActiveCfg = Release|Any CPU
		{8802FD32-9491-427B-BD6B-98704E2A4F13}.Release|Any CPU.Build.0 = Release|Any CPU
		{CAF2F8BD-D58E-4C1F-B3DA-CD0CF922EB5C}.Debug|Any CPU.ActiveCfg = Debug|Any CPU
		{CAF2F8BD-D58E-4C1F-B3DA-CD0CF922EB5C}.Debug|Any CPU.Build.0 = Debug|Any CPU
		{CAF2F8BD-D58E-4C1F-B3DA-CD0CF922EB5C}.Release|Any CPU.ActiveCfg = Release|Any CPU
		{CAF2F8BD-D58E-4C1F-B3DA-CD0CF922EB5C}.Release|Any CPU.Build.0 = Release|Any CPU
		{90F9C155-C399-45A0-8851-BCF24CB7CFC3}.Debug|Any CPU.ActiveCfg = Debug|Any CPU
		{90F9C155-C399-45A0-8851-BCF24CB7CFC3}.Debug|Any CPU.Build.0 = Debug|Any CPU
		{90F9C155-C399-45A0-8851-BCF24CB7CFC3}.Release|Any CPU.ActiveCfg = Release|Any CPU
		{90F9C155-C399-45A0-8851-BCF24CB7CFC3}.Release|Any CPU.Build.0 = Release|Any CPU
	EndGlobalSection
	GlobalSection(SolutionProperties) = preSolution
		HideSolutionNode = FALSE
	EndGlobalSection
	GlobalSection(ExtensibilityGlobals) = postSolution
		SolutionGuid = {61E5449A-B48C-4C60-BF77-5FA861CEBFDA}
	EndGlobalSection
EndGlobal
